
Microsoft Visual Studio Solution File, Format Version 12.00
# Visual Studio Version 17
VisualStudioVersion = 17.0.31612.314
MinimumVisualStudioVersion = 10.0.40219.1
Project("{9A19103F-16F7-4668-BE54-9A1E7A4F7556}") = "MouseEvents.Client", "MouseEvents\Client\MouseEvents.Client.csproj", "{B77CC027-EAF3-47B9-8D27-56B24AF8634B}"
EndProject
Project("{9A19103F-16F7-4668-BE54-9A1E7A4F7556}") = "MouseEvents.Server", "MouseEvents\Server\MouseEvents.Server.csproj", "{3DEEEAD9-9D29-4490-8821-AACCB6C4224F}"
EndProject
Project("{9A19103F-16F7-4668-BE54-9A1E7A4F7556}") = "MouseEvents.Shared", "MouseEvents\Shared\MouseEvents.Shared.csproj", "{9ACE1F1E-AFF2-4869-A537-6EC8BC764EA7}"
EndProject
Global
	GlobalSection(SolutionConfigurationPlatforms) = preSolution
		Debug|Any CPU = Debug|Any CPU
		Release|Any CPU = Release|Any CPU
	EndGlobalSection
	GlobalSection(ProjectConfigurationPlatforms) = postSolution
		{B77CC027-EAF3-47B9-8D27-56B24AF8634B}.Debug|Any CPU.ActiveCfg = Debug|Any CPU
		{B77CC027-EAF3-47B9-8D27-56B24AF8634B}.Debug|Any CPU.Build.0 = Debug|Any CPU
		{B77CC027-EAF3-47B9-8D27-56B24AF8634B}.Release|Any CPU.ActiveCfg = Release|Any CPU
		{B77CC027-EAF3-47B9-8D27-56B24AF8634B}.Release|Any CPU.Build.0 = Release|Any CPU
		{3DEEEAD9-9D29-4490-8821-AACCB6C4224F}.Debug|Any CPU.ActiveCfg = Debug|Any CPU
		{3DEEEAD9-9D29-4490-8821-AACCB6C4224F}.Debug|Any CPU.Build.0 = Debug|Any CPU
		{3DEEEAD9-9D29-4490-8821-AACCB6C4224F}.Release|Any CPU.ActiveCfg = Release|Any CPU
		{3DEEEAD9-9D29-4490-8821-AACCB6C4224F}.Release|Any CPU.Build.0 = Release|Any CPU
		{9ACE1F1E-AFF2-4869-A537-6EC8BC764EA7}.Debug|Any CPU.ActiveCfg = Debug|Any CPU
		{9ACE1F1E-AFF2-4869-A537-6EC8BC764EA7}.Debug|Any CPU.Build.0 = Debug|Any CPU
		{9ACE1F1E-AFF2-4869-A537-6EC8BC764EA7}.Release|Any CPU.ActiveCfg = Release|Any CPU
		{9ACE1F1E-AFF2-4869-A537-6EC8BC764EA7}.Release|Any CPU.Build.0 = Release|Any CPU
	EndGlobalSection
	GlobalSection(SolutionProperties) = preSolution
		HideSolutionNode = FALSE
	EndGlobalSection
	GlobalSection(ExtensibilityGlobals) = postSolution
		SolutionGuid = {340B207C-E1FB-4265-85BE-EEBC2D92246C}
	EndGlobalSection
EndGlobal
